# Generated by `bank-agent policy lock` (make policy-lock). Do not edit by hand.
# Each entry is a clause's current version and a SHA-256 over its language files; a changed clause must
# carry a higher version before the lock can be rewritten.
clauses:
  ACC-ALL-1:
    digest: 4429eaee80dee60b91e82fa6d418428e922e6e76804f9ed8c1ac22cd5df71011
    version: 1
  ACC-ALL-2:
    digest: fcc80a82bb373b3498fe1591452d58396a16d3dca1e09a11bc0c59c2587b0135
    version: 1
  ACC-ALL-3:
    digest: 25d9d3b7d638641cd2153d9ca8683d2e713c419346ba7f1f7a9882dc7af3fd60
    version: 1
  AUTH-ALL-1:
    digest: f2fcc9497fb84a34bf4721b810d2faf1126138fa6cdb3c202aa52793562fa434
    version: 1
  AUTH-ALL-2:
    digest: e901983bb00ece2b5db377fe5c1caf44c97a86748ec67769f359b55a20655f87
    version: 1
  CRD-ALL-1:
    digest: 2ff0980297ca0e839c5b8eb1d4bc99e0a0793b23022754df1cda5a51ef65e930
    version: 1
  CRD-ALL-2:
    digest: 42b68a319831e84439085855fe47f0575e18063771a06ccb1b1f821813519f62
    version: 1
  CRD-ALL-3:
    digest: fabe7b419be6e3aa93e775c5f3a29d472220289cac1cb1accced001469977863
    version: 1
  CRE-ALL-1:
    digest: 42e60708eb2223ea43a86301b52235bb6adbd3a9a9ec0e67a1c86d9e19654953
    version: 1
  CRE-ALL-2:
    digest: 7c6dfee3eac0152e202b37d2be199c621890c060d14fad395585d4e224aeb2dc
    version: 1
  CRE-ALL-3:
    digest: ff1aee4e0c534239090f5e7d0cca78789ec8ef2b8c2f476442dcd1b087d5695b
    version: 1
  CRE-AR-1:
    digest: 43cbe147c82480897bc71daa2f6c59ff8b1d201b9176cf9733e9f5fec69c0436
    version: 1
  CRE-CO-1:
    digest: bc7e8fad669ae0328f16991fec7472a63770a9153c674c1b4f45539830fc580a
    version: 1
  CRE-MX-1:
    digest: 663244edf6cdb35881931dd8e95d72f7a71f55e1e8cf2c251923d9ed36e4fd4c
    version: 1
  DSP-ALL-1:
    digest: c920c96e4db6ec8bac6d1b19625121955493ece46456bc69cdca3d17561cdc16
    version: 1
  DSP-ALL-2:
    digest: 48b49a73cbd30c58f3c83a9f268c6e78dd5a82cfac4c6451c8f0887983b7aa16
    version: 1
  DSP-ALL-3:
    digest: 33370af33ee898545d2d73c6203929ff97b7e2fb965cf14dc880a590fc271bdb
    version: 1
  DSP-ALL-4:
    digest: 7c64863dcdd3f671a05dedc70f6b6448d2a0f9844b9bd48947ba475d241e1993
    version: 1
  DSP-ALL-5:
    digest: e45c3b32501ed289ea57979b109825c806e2bbef6ffb526c8e60246ed99f646a
    version: 1
  DSP-AR-1:
    digest: e9611af9b403d851e64f33f703596997feadbf0b9861ac4508926c0bdbbf5a1c
    version: 1
  DSP-AR-2:
    digest: ff9d02ff3100c1520c81a71a2bd9c2c1534951df2482b0d27f1dfa913f1edb60
    version: 2
  DSP-AR-3:
    digest: 24f888ad7e594fa692457624f44f9b5c21ad49b71c40ea0d8ae5e232722c8006
    version: 2
  DSP-CO-1:
    digest: 63a425d2168602b2911720d27da5e95a079e9629a3977c7d7c6ed25fb014bccc
    version: 1
  DSP-CO-2:
    digest: cc3c21ba1cbb187f43d8dbdff703e6d15247035cffa0bbb71d2853b442ba2eec
    version: 2
  DSP-CO-3:
    digest: 304e1600328fa10a1fd1262df428a53571dd8be0ca0becba471f19871dd52ae2
    version: 2
  DSP-MX-1:
    digest: 0401561c0b86ba0eff6fa1d63dbd860ace562097252d23795bacf4bbf0e92ffd
    version: 1
  DSP-MX-2:
    digest: 2a9d7bd112ff44d608f28c6a567318e496d1f223a915b2317624e1d202c644f7
    version: 2
  DSP-MX-3:
    digest: ac8c8ec7e1c7a9a210f91b928c4e2a9064d174efc54b6c32c2238946827854cb
    version: 2
  ELG-ALL-1:
    digest: 222c4c9c48b7a1a0635539ca8ddca9e5c785d10d32b961c1ea50af3ee6e911bf
    version: 1
  ELG-ALL-2:
    digest: c13bee906eaca3b41244afee695b9c250cb17b0ab4a69d5ab8a3105856579c2b
    version: 1
  ELG-ALL-3:
    digest: 47acd4dc767a855bcb1816cdc461283b193f3b0eca0b2ae115732732b6d4853d
    version: 1
  ELG-AR-1.1:
    digest: 9882b2b2b78d77cfeeda6ba0f0befc418169cec784e2bb5d6dd193248272f089
    version: 1
  ELG-AR-1.2:
    digest: b5194fc494f881e5c43893cc4af6fbfe5ad7db77c7728b5a99c1d55d41551565
    version: 1
  ELG-CO-1.1:
    digest: 23c84a11523abdd0eebf6a137211a997687af105801f3b8a53e54bc96f6ff5da
    version: 1
  ELG-CO-1.2:
    digest: caa7ba169a0ba0121a0f3cde414d4fad496dc6dbe30ba24a4a993ae0095fbea2
    version: 1
  ELG-MX-1.1:
    digest: dba34eeb2287c17d74eb68722bb4a9f5bd54f0c71677c664081585aa875f5c2a
    version: 1
  ELG-MX-1.2:
    digest: c7843c62c52155501aac998012a1471bae91d3c0f9b6a20f6cef3ecdd9ef6da2
    version: 1
  ESC-ALL-1:
    digest: d7ef5f153a8224d37478a866f3d631d16f46aaf530fbe13f8d9f8efb9f6fa013
    version: 1
  ESC-ALL-3:
    digest: 0dc4e7a39fcfb699fb28827dd8e654495afb91d3e53c7d8e7d4c1aaf517c64e1
    version: 1
  ESC-ALL-4:
    digest: 63a44b72d85274cc2e367f5f1bf615678bd7e6dd4e8c8004d8417d5d2b308a07
    version: 1
  ESC-AR-2:
    digest: c2d677867fa634b016390673a3b884a9f9b5458d6fb9a4f6e411715076125409
    version: 1
  ESC-CO-2:
    digest: 87a303ae84461d00459bdc6ee3a02f7d2c4f742d62915ccaa10368d12b78ef0d
    version: 1
  ESC-MX-2:
    digest: e9a7eef0e849003e0ed46353f21db1e211b02103c3d85dc75e653e82382989a5
    version: 1
  INF-ALL-1:
    digest: 127e32aad32fca3ad8c45a7e62b2b44fc93e3956e26c64b8358e7caa11de7493
    version: 1
  INF-ALL-2:
    digest: 48f145787c5b66c7f816aedadf8c24dad92710dfe743f1d2a6504f9e55b9e5fd
    version: 1
  INF-ALL-3:
    digest: 4c8d4fe832b6698e9ed3deced3d74efdfe724252c4138501098761ffcd271a43
    version: 1
  PRV-ALL-1:
    digest: 553409f41be4c1063d0b2ebef7ab164fe821c0a77bca991e8658fd95d54d3b11
    version: 1
  PRV-ALL-2:
    digest: 8825dcc5e676135fe41e7d8487ad37bd1868219d9881857b2889f96c2e5417aa
    version: 1
  SCOPE-ALL-1:
    digest: ef21243f540b624f8cf571f978b2ecfe8a434f5e74c8fc0d76a7faa2dfdc4aac
    version: 1
  SCOPE-ALL-2:
    digest: 4122c8e1123c8b5948e2b9254527e1d59bc35aab4e0216b04120b2e3125509e6
    version: 1
